
Microsoft Visual Studio Solution File, Format Version 12.00
# Visual Studio 14
VisualStudioVersion = 14.0.25420.1
MinimumVisualStudioVersion = 10.0.40219.1
Project("{FAE04EC0-301F-11D3-BF4B-00C04F79EFBC}") = "XfMvvmLight.Android", "XfMvvmLight\XfMvvmLight.Android\XfMvvmLight.Android.csproj", "{15F9455E-785E-4AFD-A970-8ED8D1D4D76B}"
EndProject
Project("{FAE04EC0-301F-11D3-BF4B-00C04F79EFBC}") = "XfMvvmLight", "XfMvvmLight\XfMvvmLight\XfMvvmLight.csproj", "{6AF767FC-D2F2-4045-A88E-86E4C7545E21}"
EndProject
Project("{FAE04EC0-301F-11D3-BF4B-00C04F79EFBC}") = "XfMvvmLight.UWP", "XfMvvmLight\XfMvvmLight.UWP\XfMvvmLight.UWP.csproj", "{F2527224-FB3A-467D-8FE6-7D5FB28D3C93}"
EndProject
Project("{FAE04EC0-301F-11D3-BF4B-00C04F79EFBC}") = "XfMvvmLight.iOS", "XfMvvmLight\XfMvvmLight.iOS\XfMvvmLight.iOS.csproj", "{3B89C1B7-4096-465C-A37C-1F291D7C90DE}"
EndProject
Global
	GlobalSection(SolutionConfigurationPlatforms) = preSolution
		Ad-Hoc|Any CPU = Ad-Hoc|Any CPU
		Ad-Hoc|ARM = Ad-Hoc|ARM
		Ad-Hoc|iPhone = Ad-Hoc|iPhone
		Ad-Hoc|iPhoneSimulator = Ad-Hoc|iPhoneSimulator
		Ad-Hoc|x64 = Ad-Hoc|x64
		Ad-Hoc|x86 = Ad-Hoc|x86
		AppStore|Any CPU = AppStore|Any CPU
		AppStore|ARM = AppStore|ARM
		AppStore|iPhone = AppStore|iPhone
		AppStore|iPhoneSimulator = AppStore|iPhoneSimulator
		AppStore|x64 = AppStore|x64
		AppStore|x86 = AppStore|x86
		Debug|Any CPU = Debug|Any CPU
		Debug|ARM = Debug|ARM
		Debug|iPhone = Debug|iPhone
		Debug|iPhoneSimulator = Debug|iPhoneSimulator
		Debug|x64 = Debug|x64
		Debug|x86 = Debug|x86
		Release|Any CPU = Release|Any CPU
		Release|ARM = Release|ARM
		Release|iPhone = Release|iPhone
		Release|iPhoneSimulator = Release|iPhoneSimulator
		Release|x64 = Release|x64
		Release|x86 = Release|x86
	EndGlobalSection
	GlobalSection(ProjectConfigurationPlatforms) = postSolution
		{15F9455E-785E-4AFD-A970-8ED8D1D4D76B}.Ad-Hoc|Any CPU.ActiveCfg = Release|Any CPU
		{15F9455E-785E-4AFD-A970-8ED8D1D4D76B}.Ad-Hoc|Any CPU.Build.0 = Release|Any CPU
		{15F9455E-785E-4AFD-A970-8ED8D1D4D76B}.Ad-Hoc|Any CPU.Deploy.0 = Release|Any CPU
		{15F9455E-785E-4AFD-A970-8ED8D1D4D76B}.Ad-Hoc|ARM.ActiveCfg = Release|Any CPU
		{15F9455E-785E-4AFD-A970-8ED8D1D4D76B}.Ad-Hoc|ARM.Build.0 = Release|Any CPU
		{15F9455E-785E-4AFD-A970-8ED8D1D4D76B}.Ad-Hoc|ARM.Deploy.0 = Release|Any CPU
		{15F9455E-785E-4AFD-A970-8ED8D1D4D76B}.Ad-Hoc|iPhone.ActiveCfg = Release|Any CPU
		{15F9455E-785E-4AFD-A970-8ED8D1D4D76B}.Ad-Hoc|iPhone.Build.0 = Release|Any CPU
		{15F9455E-785E-4AFD-A970-8ED8D1D4D76B}.Ad-Hoc|iPhone.Deploy.0 = Release|Any CPU
		{15F9455E-785E-4AFD-A970-8ED8D1D4D76B}.Ad-Hoc|iPhoneSimulator.ActiveCfg = Release|Any CPU
		{15F9455E-785E-4AFD-A970-8ED8D1D4D76B}.Ad-Hoc|iPhoneSimulator.Build.0 = Release|Any CPU
		{15F9455E-785E-4AFD-A970-8ED8D1D4D76B}.Ad-Hoc|iPhoneSimulator.Deploy.0 = Release|Any CPU
		{15F9455E-785E-4AFD-A970-8ED8D1D4D76B}.Ad-Hoc|x64.ActiveCfg = Release|Any CPU
		{15F9455E-785E-4AFD-A970-8ED8D1D4D76B}.Ad-Hoc|x64.Build.0 = Release|Any CPU
		{15F9455E-785E-4AFD-A970-8ED8D1D4D76B}.Ad-Hoc|x64.Deploy.0 = Release|Any CPU
		{15F9455E-785E-4AFD-A970-8ED8D1D4D76B}.Ad-Hoc|x86.ActiveCfg = Release|Any CPU
		{15F9455E-785E-4AFD-A970-8ED8D1D4D76B}.Ad-Hoc|x86.Build.0 = Release|Any CPU
		{15F9455E-785E-4AFD-A970-8ED8D1D4D76B}.Ad-Hoc|x86.Deploy.0 = Release|Any CPU
		{15F9455E-785E-4AFD-A970-8ED8D1D4D76B}.AppStore|Any CPU.ActiveCfg = Release|Any CPU
		{15F9455E-785E-4AFD-A970-8ED8D1D4D76B}.AppStore|Any CPU.Build.0 = Release|Any CPU
		{15F9455E-785E-4AFD-A970-8ED8D1D4D76B}.AppStore|Any CPU.Deploy.0 = Release|Any CPU
		{15F9455E-785E-4AFD-A970-8ED8D1D4D76B}.AppStore|ARM.ActiveCfg = Release|Any CPU
		{15F9455E-785E-4AFD-A970-8ED8D1D4D76B}.AppStore|ARM.Build.0 = Release|Any CPU
		{15F9455E-785E-4AFD-A970-8ED8D1D4D76B}.AppStore|ARM.Deploy.0 = Release|Any CPU
		{15F9455E-785E-4AFD-A970-8ED8D1D4D76B}.AppStore|iPhone.ActiveCfg = Release|Any CPU
		{15F9455E-785E-4AFD-A970-8ED8D1D4D76B}.AppStore|iPhone.Build.0 = Release|Any CPU
		{15F9455E-785E-4AFD-A970-8ED8D1D4D76B}.AppStore|iPhone.Deploy.0 = Release|Any CPU
		{15F9455E-785E-4AFD-A970-8ED8D1D4D76B}.AppStore|iPhoneSimulator.ActiveCfg = Release|Any CPU
		{15F9455E-785E-4AFD-A970-8ED8D1D4D76B}.AppStore|iPhoneSimulator.Build.0 = Release|Any CPU
		{15F9455E-785E-4AFD-A970-8ED8D1D4D76B}.AppStore|iPhoneSimulator.Deploy.0 = Release|Any CPU
		{15F9455E-785E-4AFD-A970-8ED8D1D4D76B}.AppStore|x64.ActiveCfg = Release|Any CPU
		{15F9455E-785E-4AFD-A970-8ED8D1D4D76B}.AppStore|x64.Build.0 = Release|Any CPU
		{15F9455E-785E-4AFD-A970-8ED8D1D4D76B}.AppStore|x64.Deploy.0 = Release|Any CPU
		{15F9455E-785E-4AFD-A970-8ED8D1D4D76B}.AppStore|x86.ActiveCfg = Release|Any CPU
		{15F9455E-785E-4AFD-A970-8ED8D1D4D76B}.AppStore|x86.Build.0 = Release|Any CPU
		{15F9455E-785E-4AFD-A970-8ED8D1D4D76B}.AppStore|x86.Deploy.0 = Release|Any CPU
		{15F9455E-785E-4AFD-A970-8ED8D1D4D76B}.Debug|Any CPU.ActiveCfg = Debug|Any CPU
		{15F9455E-785E-4AFD-A970-8ED8D1D4D76B}.Debug|Any CPU.Build.0 = Debug|Any CPU
		{15F9455E-785E-4AFD-A970-8ED8D1D4D76B}.Debug|Any CPU.Deploy.0 = Debug|Any CPU
		{15F9455E-785E-4AFD-A970-8ED8D1D4D76B}.Debug|ARM.ActiveCfg = Debug|Any CPU
		{15F9455E-785E-4AFD-A970-8ED8D1D4D76B}.Debug|ARM.Build.0 = Debug|Any CPU
		{15F9455E-785E-4AFD-A970-8ED8D1D4D76B}.Debug|ARM.Deploy.0 = Debug|Any CPU
		{15F9455E-785E-4AFD-A970-8ED8D1D4D76B}.Debug|iPhone.ActiveCfg = Debug|Any CPU
		{15F9455E-785E-4AFD-A970-8ED8D1D4D76B}.Debug|iPhone.Build.0 = Debug|Any CPU
		{15F9455E-785E-4AFD-A970-8ED8D1D4D76B}.Debug|iPhone.Deploy.0 = Debug|Any CPU
		{15F9455E-785E-4AFD-A970-8ED8D1D4D76B}.Debug|iPhoneSimulator.ActiveCfg = Debug|Any CPU
		{15F9455E-785E-4AFD-A970-8ED8D1D4D76B}.Debug|iPhoneSimulator.Build.0 = Debug|Any CPU
		{15F9455E-785E-4AFD-A970-8ED8D1D4D76B}.Debug|iPhoneSimulator.Deploy.0 = Debug|Any CPU
		{15F9455E-785E-4AFD-A970-8ED8D1D4D76B}.Debug|x64.ActiveCfg = Debug|Any CPU
		{15F9455E-785E-4AFD-A970-8ED8D1D4D76B}.Debug|x64.Build.0 = Debug|Any CPU
		{15F9455E-785E-4AFD-A970-8ED8D1D4D76B}.Debug|x64.Deploy.0 = Debug|Any CPU
		{15F9455E-785E-4AFD-A970-8ED8D1D4D76B}.Debug|x86.ActiveCfg = Debug|Any CPU
		{15F9455E-785E-4AFD-A970-8ED8D1D4D76B}.Debug|x86.Build.0 = Debug|Any CPU
		{15F9455E-785E-4AFD-A970-8ED8D1D4D76B}.Debug|x86.Deploy.0 = Debug|Any CPU
		{15F9455E-785E-4AFD-A970-8ED8D1D4D76B}.Release|Any CPU.ActiveCfg = Release|Any CPU
		{15F9455E-785E-4AFD-A970-8ED8D1D4D76B}.Release|Any CPU.Build.0 = Release|Any CPU
		{15F9455E-785E-4AFD-A970-8ED8D1D4D76B}.Release|Any CPU.Deploy.0 = Release|Any CPU
		{15F9455E-785E-4AFD-A970-8ED8D1D4D76B}.Release|ARM.ActiveCfg = Release|Any CPU
		{15F9455E-785E-4AFD-A970-8ED8D1D4D76B}.Release|ARM.Build.0 = Release|Any CPU
		{15F9455E-785E-4AFD-A970-8ED8D1D4D76B}.Release|ARM.Deploy.0 = Release|Any CPU
		{15F9455E-785E-4AFD-A970-8ED8D1D4D76B}.Release|iPhone.ActiveCfg = Release|Any CPU
		{15F9455E-785E-4AFD-A970-8ED8D1D4D76B}.Release|iPhone.Build.0 = Release|Any CPU
		{15F9455E-785E-4AFD-A970-8ED8D1D4D76B}.Release|iPhone.Deploy.0 = Release|Any CPU
		{15F9455E-785E-4AFD-A970-8ED8D1D4D76B}.Release|iPhoneSimulator.ActiveCfg = Release|Any CPU
		{15F9455E-785E-4AFD-A970-8ED8D1D4D76B}.Release|iPhoneSimulator.Build.0 = Release|Any CPU
		{15F9455E-785E-4AFD-A970-8ED8D1D4D76B}.Release|iPhoneSimulator.Deploy.0 = Release|Any CPU
		{15F9455E-785E-4AFD-A970-8ED8D1D4D76B}.Release|x64.ActiveCfg = Release|Any CPU
		{15F9455E-785E-4AFD-A970-8ED8D1D4D76B}.Release|x64.Build.0 = Release|Any CPU
		{15F9455E-785E-4AFD-A970-8ED8D1D4D76B}.Release|x64.Deploy.0 = Release|Any CPU
		{15F9455E-785E-4AFD-A970-8ED8D1D4D76B}.Release|x86.ActiveCfg = Release|Any CPU
		{15F9455E-785E-4AFD-A970-8ED8D1D4D76B}.Release|x86.Build.0 = Release|Any CPU
		{15F9455E-785E-4AFD-A970-8ED8D1D4D76B}.Release|x86.Deploy.0 = Release|Any CPU
		{6AF767FC-D2F2-4045-A88E-86E4C7545E21}.Ad-Hoc|Any CPU.ActiveCfg = Release|Any CPU
		{6AF767FC-D2F2-4045-A88E-86E4C7545E21}.Ad-Hoc|Any CPU.Build.0 = Release|Any CPU
		{6AF767FC-D2F2-4045-A88E-86E4C7545E21}.Ad-Hoc|ARM.ActiveCfg = Release|Any CPU
		{6AF767FC-D2F2-4045-A88E-86E4C7545E21}.Ad-Hoc|ARM.Build.0 = Release|Any CPU
		{6AF767FC-D2F2-4045-A88E-86E4C7545E21}.Ad-Hoc|iPhone.ActiveCfg = Release|Any CPU
		{6AF767FC-D2F2-4045-A88E-86E4C7545E21}.Ad-Hoc|iPhone.Build.0 = Release|Any CPU
		{6AF767FC-D2F2-4045-A88E-86E4C7545E21}.Ad-Hoc|iPhoneSimulator.ActiveCfg = Release|Any CPU
		{6AF767FC-D2F2-4045-A88E-86E4C7545E21}.Ad-Hoc|iPhoneSimulator.Build.0 = Release|Any CPU
		{6AF767FC-D2F2-4045-A88E-86E4C7545E21}.Ad-Hoc|x64.ActiveCfg = Release|Any CPU
		{6AF767FC-D2F2-4045-A88E-86E4C7545E21}.Ad-Hoc|x64.Build.0 = Release|Any CPU
		{6AF767FC-D2F2-4045-A88E-86E4C7545E21}.Ad-Hoc|x86.ActiveCfg = Release|Any CPU
		{6AF767FC-D2F2-4045-A88E-86E4C7545E21}.Ad-Hoc|x86.Build.0 = Release|Any CPU
		{6AF767FC-D2F2-4045-A88E-86E4C7545E21}.AppStore|Any CPU.ActiveCfg = Release|Any CPU
		{6AF767FC-D2F2-4045-A88E-86E4C7545E21}.AppStore|Any CPU.Build.0 = Release|Any CPU
		{6AF767FC-D2F2-4045-A88E-86E4C7545E21}.AppStore|ARM.ActiveCfg = Release|Any CPU
		{6AF767FC-D2F2-4045-A88E-86E4C7545E21}.AppStore|ARM.Build.0 = Release|Any CPU
		{6AF767FC-D2F2-4045-A88E-86E4C7545E21}.AppStore|iPhone.ActiveCfg = Release|Any CPU
		{6AF767FC-D2F2-4045-A88E-86E4C7545E21}.AppStore|iPhone.Build.0 = Release|Any CPU
		{6AF767FC-D2F2-4045-A88E-86E4C7545E21}.AppStore|iPhoneSimulator.ActiveCfg = Release|Any CPU
		{6AF767FC-D2F2-4045-A88E-86E4C7545E21}.AppStore|iPhoneSimulator.Build.0 = Release|Any CPU
		{6AF767FC-D2F2-4045-A88E-86E4C7545E21}.AppStore|x64.ActiveCfg = Release|Any CPU
		{6AF767FC-D2F2-4045-A88E-86E4C7545E21}.AppStore|x64.Build.0 = Release|Any CPU
		{6AF767FC-D2F2-4045-A88E-86E4C7545E21}.AppStore|x86.ActiveCfg = Release|Any CPU
		{6AF767FC-D2F2-4045-A88E-86E4C7545E21}.AppStore|x86.Build.0 = Release|Any CPU
		{6AF767FC-D2F2-4045-A88E-86E4C7545E21}.Debug|Any CPU.ActiveCfg = Debug|Any CPU
		{6AF767FC-D2F2-4045-A88E-86E4C7545E21}.Debug|Any CPU.Build.0 = Debug|Any CPU
		{6AF767FC-D2F2-4045-A88E-86E4C7545E21}.Debug|ARM.ActiveCfg = Debug|Any CPU
		{6AF767FC-D2F2-4045-A88E-86E4C7545E21}.Debug|ARM.Build.0 = Debug|Any CPU
		{6AF767FC-D2F2-4045-A88E-86E4C7545E21}.Debug|iPhone.ActiveCfg = Debug|Any CPU
		{6AF767FC-D2F2-4045-A88E-86E4C7545E21}.Debug|iPhone.Build.0 = Debug|Any CPU
		{6AF767FC-D2F2-4045-A88E-86E4C7545E21}.Debug|iPhoneSimulator.ActiveCfg = Debug|Any CPU
		{6AF767FC-D2F2-4045-A88E-86E4C7545E21}.Debug|iPhoneSimulator.Build.0 = Debug|Any CPU
		{6AF767FC-D2F2-4045-A88E-86E4C7545E21}.Debug|x64.ActiveCfg = Debug|Any CPU
		{6AF767FC-D2F2-4045-A88E-86E4C7545E21}.Debug|x64.Build.0 = Debug|Any CPU
		{6AF767FC-D2F2-4045-A88E-86E4C7545E21}.Debug|x86.ActiveCfg = Debug|Any CPU
		{6AF767FC-D2F2-4045-A88E-86E4C7545E21}.Debug|x86.Build.0 = Debug|Any CPU
		{6AF767FC-D2F2-4045-A88E-86E4C7545E21}.Release|Any CPU.ActiveCfg = Release|Any CPU
		{6AF767FC-D2F2-4045-A88E-86E4C7545E21}.Release|Any CPU.Build.0 = Release|Any CPU
		{6AF767FC-D2F2-4045-A88E-86E4C7545E21}.Release|ARM.ActiveCfg = Release|Any CPU
		{6AF767FC-D2F2-4045-A88E-86E4C7545E21}.Release|ARM.Build.0 = Release|Any CPU
		{6AF767FC-D2F2-4045-A88E-86E4C7545E21}.Release|iPhone.ActiveCfg = Release|Any CPU
		{6AF767FC-D2F2-4045-A88E-86E4C7545E21}.Release|iPhone.Build.0 = Release|Any CPU
		{6AF767FC-D2F2-4045-A88E-86E4C7545E21}.Release|iPhoneSimulator.ActiveCfg = Release|Any CPU
		{6AF767FC-D2F2-4045-A88E-86E4C7545E21}.Release|iPhoneSimulator.Build.0 = Release|Any CPU
		{6AF767FC-D2F2-4045-A88E-86E4C7545E21}.Release|x64.ActiveCfg = Release|Any CPU
		{6AF767FC-D2F2-4045-A88E-86E4C7545E21}.Release|x64.Build.0 = Release|Any CPU
		{6AF767FC-D2F2-4045-A88E-86E4C7545E21}.Release|x86.ActiveCfg = Release|Any CPU
		{6AF767FC-D2F2-4045-A88E-86E4C7545E21}.Release|x86.Build.0 = Release|Any CPU
		{F2527224-FB3A-467D-8FE6-7D5FB28D3C93}.Ad-Hoc|Any CPU.ActiveCfg = Release|x86
		{F2527224-FB3A-467D-8FE6-7D5FB28D3C93}.Ad-Hoc|Any CPU.Build.0 = Release|x86
		{F2527224-FB3A-467D-8FE6-7D5FB28D3C93}.Ad-Hoc|Any CPU.Deploy.0 = Release|x86
		{F2527224-FB3A-467D-8FE6-7D5FB28D3C93}.Ad-Hoc|ARM.ActiveCfg = Release|ARM
		{F2527224-FB3A-467D-8FE6-7D5FB28D3C93}.Ad-Hoc|ARM.Build.0 = Release|ARM
		{F2527224-FB3A-467D-8FE6-7D5FB28D3C93}.Ad-Hoc|ARM.Deploy.0 = Release|ARM
		{F2527224-FB3A-467D-8FE6-7D5FB28D3C93}.Ad-Hoc|iPhone.ActiveCfg = Release|x86
		{F2527224-FB3A-467D-8FE6-7D5FB28D3C93}.Ad-Hoc|iPhone.Build.0 = Release|x86
		{F2527224-FB3A-467D-8FE6-7D5FB28D3C93}.Ad-Hoc|iPhone.Deploy.0 = Release|x86
		{F2527224-FB3A-467D-8FE6-7D5FB28D3C93}.Ad-Hoc|iPhoneSimulator.ActiveCfg = Release|x86
		{F2527224-FB3A-467D-8FE6-7D5FB28D3C93}.Ad-Hoc|iPhoneSimulator.Build.0 = Release|x86
		{F2527224-FB3A-467D-8FE6-7D5FB28D3C93}.Ad-Hoc|iPhoneSimulator.Deploy.0 = Release|x86
		{F2527224-FB3A-467D-8FE6-7D5FB28D3C93}.Ad-Hoc|x64.ActiveCfg = Release|x64
		{F2527224-FB3A-467D-8FE6-7D5FB28D3C93}.Ad-Hoc|x64.Build.0 = Release|x64
		{F2527224-FB3A-467D-8FE6-7D5FB28D3C93}.Ad-Hoc|x64.Deploy.0 = Release|x64
		{F2527224-FB3A-467D-8FE6-7D5FB28D3C93}.Ad-Hoc|x86.ActiveCfg = Release|x86
		{F2527224-FB3A-467D-8FE6-7D5FB28D3C93}.Ad-Hoc|x86.Build.0 = Release|x86
		{F2527224-FB3A-467D-8FE6-7D5FB28D3C93}.Ad-Hoc|x86.Deploy.0 = Release|x86
		{F2527224-FB3A-467D-8FE6-7D5FB28D3C93}.AppStore|Any CPU.ActiveCfg = Release|x86
		{F2527224-FB3A-467D-8FE6-7D5FB28D3C93}.AppStore|Any CPU.Build.0 = Release|x86
		{F2527224-FB3A-467D-8FE6-7D5FB28D3C93}.AppStore|Any CPU.Deploy.0 = Release|x86
		{F2527224-FB3A-467D-8FE6-7D5FB28D3C93}.AppStore|ARM.ActiveCfg = Release|ARM
		{F2527224-FB3A-467D-8FE6-7D5FB28D3C93}.AppStore|ARM.Build.0 = Release|ARM
		{F2527224-FB3A-467D-8FE6-7D5FB28D3C93}.AppStore|ARM.Deploy.0 = Release|ARM
		{F2527224-FB3A-467D-8FE6-7D5FB28D3C93}.AppStore|iPhone.ActiveCfg = Release|x86
		{F2527224-FB3A-467D-8FE6-7D5FB28D3C93}.AppStore|iPhone.Build.0 = Release|x86
		{F2527224-FB3A-467D-8FE6-7D5FB28D3C93}.AppStore|iPhone.Deploy.0 = Release|x86
		{F2527224-FB3A-467D-8FE6-7D5FB28D3C93}.AppStore|iPhoneSimulator.ActiveCfg = Release|x86
		{F2527224-FB3A-467D-8FE6-7D5FB28D3C93}.AppStore|iPhoneSimulator.Build.0 = Release|x86
		{F2527224-FB3A-467D-8FE6-7D5FB28D3C93}.AppStore|iPhoneSimulator.Deploy.0 = Release|x86
		{F2527224-FB3A-467D-8FE6-7D5FB28D3C93}.AppStore|x64.ActiveCfg = Release|x64
		{F2527224-FB3A-467D-8FE6-7D5FB28D3C93}.AppStore|x64.Build.0 = Release|x64
		{F2527224-FB3A-467D-8FE6-7D5FB28D3C93}.AppStore|x64.Deploy.0 = Release|x64
		{F2527224-FB3A-467D-8FE6-7D5FB28D3C93}.AppStore|x86.ActiveCfg = Release|x86
		{F2527224-FB3A-467D-8FE6-7D5FB28D3C93}.AppStore|x86.Build.0 = Release|x86
		{F2527224-FB3A-467D-8FE6-7D5FB28D3C93}.AppStore|x86.Deploy.0 = Release|x86
		{F2527224-FB3A-467D-8FE6-7D5FB28D3C93}.Debug|Any CPU.ActiveCfg = Debug|x86
		{F2527224-FB3A-467D-8FE6-7D5FB28D3C93}.Debug|Any CPU.Build.0 = Debug|x86
		{F2527224-FB3A-467D-8FE6-7D5FB28D3C93}.Debug|Any CPU.Deploy.0 = Debug|x86
		{F2527224-FB3A-467D-8FE6-7D5FB28D3C93}.Debug|ARM.ActiveCfg = Debug|ARM
		{F2527224-FB3A-467D-8FE6-7D5FB28D3C93}.Debug|ARM.Build.0 = Debug|ARM
		{F2527224-FB3A-467D-8FE6-7D5FB28D3C93}.Debug|ARM.Deploy.0 = Debug|ARM
		{F2527224-FB3A-467D-8FE6-7D5FB28D3C93}.Debug|iPhone.ActiveCfg = Debug|x86
		{F2527224-FB3A-467D-8FE6-7D5FB28D3C93}.Debug|iPhoneSimulator.ActiveCfg = Debug|x86
		{F2527224-FB3A-467D-8FE6-7D5FB28D3C93}.Debug|x64.ActiveCfg = Debug|x64
		{F2527224-FB3A-467D-8FE6-7D5FB28D3C93}.Debug|x64.Build.0 = Debug|x64
		{F2527224-FB3A-467D-8FE6-7D5FB28D3C93}.Debug|x64.Deploy.0 = Debug|x64
		{F2527224-FB3A-467D-8FE6-7D5FB28D3C93}.Debug|x86.ActiveCfg = Debug|x86
		{F2527224-FB3A-467D-8FE6-7D5FB28D3C93}.Debug|x86.Build.0 = Debug|x86
		{F2527224-FB3A-467D-8FE6-7D5FB28D3C93}.Debug|x86.Deploy.0 = Debug|x86
		{F2527224-FB3A-467D-8FE6-7D5FB28D3C93}.Release|Any CPU.ActiveCfg = Release|x86
		{F2527224-FB3A-467D-8FE6-7D5FB28D3C93}.Release|ARM.ActiveCfg = Release|ARM
		{F2527224-FB3A-467D-8FE6-7D5FB28D3C93}.Release|ARM.Build.0 = Release|ARM
		{F2527224-FB3A-467D-8FE6-7D5FB28D3C93}.Release|ARM.Deploy.0 = Release|ARM
		{F2527224-FB3A-467D-8FE6-7D5FB28D3C93}.Release|iPhone.ActiveCfg = Release|x86
		{F2527224-FB3A-467D-8FE6-7D5FB28D3C93}.Release|iPhoneSimulator.ActiveCfg = Release|x86
		{F2527224-FB3A-467D-8FE6-7D5FB28D3C93}.Release|x64.ActiveCfg = Release|x64
		{F2527224-FB3A-467D-8FE6-7D5FB28D3C93}.Release|x64.Build.0 = Release|x64
		{F2527224-FB3A-467D-8FE6-7D5FB28D3C93}.Release|x64.Deploy.0 = Release|x64
		{F2527224-FB3A-467D-8FE6-7D5FB28D3C93}.Release|x86.ActiveCfg = Release|x86
		{F2527224-FB3A-467D-8FE6-7D5FB28D3C93}.Release|x86.Build.0 = Release|x86
		{F2527224-FB3A-467D-8FE6-7D5FB28D3C93}.Release|x86.Deploy.0 = Release|x86
		{3B89C1B7-4096-465C-A37C-1F291D7C90DE}.Ad-Hoc|Any CPU.ActiveCfg = Ad-Hoc|iPhone
		{3B89C1B7-4096-465C-A37C-1F291D7C90DE}.Ad-Hoc|ARM.ActiveCfg = Ad-Hoc|iPhone
		{3B89C1B7-4096-465C-A37C-1F291D7C90DE}.Ad-Hoc|iPhone.ActiveCfg = Ad-Hoc|iPhone
		{3B89C1B7-4096-465C-A37C-1F291D7C90DE}.Ad-Hoc|iPhone.Build.0 = Ad-Hoc|iPhone
		{3B89C1B7-4096-465C-A37C-1F291D7C90DE}.Ad-Hoc|iPhoneSimulator.ActiveCfg = Ad-Hoc|iPhoneSimulator
		{3B89C1B7-4096-465C-A37C-1F291D7C90DE}.Ad-Hoc|iPhoneSimulator.Build.0 = Ad-Hoc|iPhoneSimulator
		{3B89C1B7-4096-465C-A37C-1F291D7C90DE}.Ad-Hoc|x64.ActiveCfg = Ad-Hoc|iPhone
		{3B89C1B7-4096-465C-A37C-1F291D7C90DE}.Ad-Hoc|x86.ActiveCfg = Ad-Hoc|iPhone
		{3B89C1B7-4096-465C-A37C-1F291D7C90DE}.AppStore|Any CPU.ActiveCfg = AppStore|iPhone
		{3B89C1B7-4096-465C-A37C-1F291D7C90DE}.AppStore|ARM.ActiveCfg = AppStore|iPhone
		{3B89C1B7-4096-465C-A37C-1F291D7C90DE}.AppStore|iPhone.ActiveCfg = AppStore|iPhone
		{3B89C1B7-4096-465C-A37C-1F291D7C90DE}.AppStore|iPhone.Build.0 = AppStore|iPhone
		{3B89C1B7-4096-465C-A37C-1F291D7C90DE}.AppStore|iPhoneSimulator.ActiveCfg = AppStore|iPhoneSimulator
		{3B89C1B7-4096-465C-A37C-1F291D7C90DE}.AppStore|iPhoneSimulator.Build.0 = AppStore|iPhoneSimulator
		{3B89C1B7-4096-465C-A37C-1F291D7C90DE}.AppStore|x64.ActiveCfg = AppStore|iPhone
		{3B89C1B7-4096-465C-A37C-1F291D7C90DE}.AppStore|x86.ActiveCfg = AppStore|iPhone
		{3B89C1B7-4096-465C-A37C-1F291D7C90DE}.Debug|Any CPU.ActiveCfg = Debug|iPhone
		{3B89C1B7-4096-465C-A37C-1F291D7C90DE}.Debug|ARM.ActiveCfg = Debug|iPhone
		{3B89C1B7-4096-465C-A37C-1F291D7C90DE}.Debug|iPhone.ActiveCfg = Debug|iPhone
		{3B89C1B7-4096-465C-A37C-1F291D7C90DE}.Debug|iPhone.Build.0 = Debug|iPhone
		{3B89C1B7-4096-465C-A37C-1F291D7C90DE}.Debug|iPhoneSimulator.ActiveCfg = Debug|iPhoneSimulator
		{3B89C1B7-4096-465C-A37C-1F291D7C90DE}.Debug|iPhoneSimulator.Build.0 = Debug|iPhoneSimulator
		{3B89C1B7-4096-465C-A37C-1F291D7C90DE}.Debug|x64.ActiveCfg = Debug|iPhone
		{3B89C1B7-4096-465C-A37C-1F291D7C90DE}.Debug|x86.ActiveCfg = Debug|iPhone
		{3B89C1B7-4096-465C-A37C-1F291D7C90DE}.Release|Any CPU.ActiveCfg = Release|iPhone
		{3B89C1B7-4096-465C-A37C-1F291D7C90DE}.Release|ARM.ActiveCfg = Release|iPhone
		{3B89C1B7-4096-465C-A37C-1F291D7C90DE}.Release|iPhone.ActiveCfg = Release|iPhone
		{3B89C1B7-4096-465C-A37C-1F291D7C90DE}.Release|iPhone.Build.0 = Release|iPhone
		{3B89C1B7-4096-465C-A37C-1F291D7C90DE}.Release|iPhoneSimulator.ActiveCfg = Release|iPhoneSimulator
		{3B89C1B7-4096-465C-A37C-1F291D7C90DE}.Release|iPhoneSimulator.Build.0 = Release|iPhoneSimulator
		{3B89C1B7-4096-465C-A37C-1F291D7C90DE}.Release|x64.ActiveCfg = Release|iPhone
		{3B89C1B7-4096-465C-A37C-1F291D7C90DE}.Release|x86.ActiveCfg = Release|iPhone
	EndGlobalSection
	GlobalSection(SolutionProperties) = preSolution
		HideSolutionNode = FALSE
	EndGlobalSection
EndGlobal
